
Microsoft Visual Studio Solution File, Format Version 12.00
# Visual Studio 15
VisualStudioVersion = 15.0.28307.329
MinimumVisualStudioVersion = 10.0.40219.1
Project("{9A19103F-16F7-4668-BE54-9A1E7A4F7556}") = "Siri", "ConsoleApp1\Siri.csproj", "{7896A95A-BB10-46A5-8F17-7EDEFE57E8A7}"
EndProject
Global
	GlobalSection(SolutionConfigurationPlatforms) = preSolution
		Debug|Any CPU = Debug|Any CPU
		Release|Any CPU = Release|Any CPU
	EndGlobalSection
	GlobalSection(ProjectConfigurationPlatforms) = postSolution
		{7896A95A-BB10-46A5-8F17-7EDEFE57E8A7}.Debug|Any CPU.ActiveCfg = Debug|Any CPU
		{7896A95A-BB10-46A5-8F17-7EDEFE57E8A7}.Debug|Any CPU.Build.0 = Debug|Any CPU
		{7896A95A-BB10-46A5-8F17-7EDEFE57E8A7}.Release|Any CPU.ActiveCfg = Release|Any CPU
		{7896A95A-BB10-46A5-8F17-7EDEFE57E8A7}.Release|Any CPU.Build.0 = Release|Any CPU
	EndGlobalSection
	GlobalSection(SolutionProperties) = preSolution
		HideSolutionNode = FALSE
	EndGlobalSection
	GlobalSection(ExtensibilityGlobals) = postSolution
		SolutionGuid = {C99BA313-A6EF-438D-BD2E-83EE1483DAB9}
	EndGlobalSection
EndGlobal
